
Microsoft Visual Studio Solution File, Format Version 12.00
# Visual Studio Version 16
VisualStudioVersion = 17.0.31611.283
MinimumVisualStudioVersion = 10.0.40219.1
Project("{9A19103F-16F7-4668-BE54-9A1E7A4F7556}") = "DynamicBlazorUi", "DynamicBlazorUi\DynamicBlazorUi.csproj", "{43140E0C-87B4-4865-9172-CCC81FCF360A}"
EndProject
Project("{FAE04EC0-301F-11D3-BF4B-00C04F79EFBC}") = "DynamicBlazor.Services", "DynamicBlazor.Services\DynamicBlazor.Services.csproj", "{D2C9D9F1-FD02-41A0-8445-1AF094CAD5E6}"
EndProject
Project("{FAE04EC0-301F-11D3-BF4B-00C04F79EFBC}") = "TestingModule", "TestingModule\TestingModule.csproj", "{002663E6-08D7-4948-9498-488D03897F7B}"
EndProject
Project("{2150E333-8FDC-42A3-9474-1A3956D46DE8}") = "Modules", "Modules", "{8151D83F-0CDA-4557-BF78-74BBBECA241A}"
EndProject
Project("{2150E333-8FDC-42A3-9474-1A3956D46DE8}") = "Mobile App", "Mobile App", "{B5B12AB8-E507-410C-B9D4-48B52726710C}"
EndProject
Project("{2150E333-8FDC-42A3-9474-1A3956D46DE8}") = "WebApi", "WebApi", "{B3CBE452-08B2-40CA-8D3D-00C1AF3D8F9D}"
EndProject
Project("{FAE04EC0-301F-11D3-BF4B-00C04F79EFBC}") = "DynamicBlazor.Api", "DynamicBlazor.Api\DynamicBlazor.Api.csproj", "{17652E09-E1E8-41E4-A4C9-3A424BBABABD}"
EndProject
Global
	GlobalSection(SolutionConfigurationPlatforms) = preSolution
		Debug|Any CPU = Debug|Any CPU
		Release|Any CPU = Release|Any CPU
	EndGlobalSection
	GlobalSection(ProjectConfigurationPlatforms) = postSolution
		{43140E0C-87B4-4865-9172-CCC81FCF360A}.Debug|Any CPU.ActiveCfg = Debug|Any CPU
		{43140E0C-87B4-4865-9172-CCC81FCF360A}.Debug|Any CPU.Build.0 = Debug|Any CPU
		{43140E0C-87B4-4865-9172-CCC81FCF360A}.Debug|Any CPU.Deploy.0 = Debug|Any CPU
		{43140E0C-87B4-4865-9172-CCC81FCF360A}.Release|Any CPU.ActiveCfg = Release|Any CPU
		{43140E0C-87B4-4865-9172-CCC81FCF360A}.Release|Any CPU.Build.0 = Release|Any CPU
		{43140E0C-87B4-4865-9172-CCC81FCF360A}.Release|Any CPU.Deploy.0 = Release|Any CPU
		{4E9DD491-CDF2-49DC-9997-2675761994E0}.Debug|Any CPU.ActiveCfg = Debug|Any CPU
		{4E9DD491-CDF2-49DC-9997-2675761994E0}.Debug|Any CPU.Build.0 = Debug|Any CPU
		{4E9DD491-CDF2-49DC-9997-2675761994E0}.Release|Any CPU.ActiveCfg = Release|Any CPU
		{4E9DD491-CDF2-49DC-9997-2675761994E0}.Release|Any CPU.Build.0 = Release|Any CPU
		{D2C9D9F1-FD02-41A0-8445-1AF094CAD5E6}.Debug|Any CPU.ActiveCfg = Debug|Any CPU
		{D2C9D9F1-FD02-41A0-8445-1AF094CAD5E6}.Debug|Any CPU.Build.0 = Debug|Any CPU
		{D2C9D9F1-FD02-41A0-8445-1AF094CAD5E6}.Release|Any CPU.ActiveCfg = Release|Any CPU
		{D2C9D9F1-FD02-41A0-8445-1AF094CAD5E6}.Release|Any CPU.Build.0 = Release|Any CPU
		{002663E6-08D7-4948-9498-488D03897F7B}.Debug|Any CPU.ActiveCfg = Debug|Any CPU
		{002663E6-08D7-4948-9498-488D03897F7B}.Debug|Any CPU.Build.0 = Debug|Any CPU
		{002663E6-08D7-4948-9498-488D03897F7B}.Release|Any CPU.ActiveCfg = Release|Any CPU
		{002663E6-08D7-4948-9498-488D03897F7B}.Release|Any CPU.Build.0 = Release|Any CPU
		{17652E09-E1E8-41E4-A4C9-3A424BBABABD}.Debug|Any CPU.ActiveCfg = Debug|Any CPU
		{17652E09-E1E8-41E4-A4C9-3A424BBABABD}.Debug|Any CPU.Build.0 = Debug|Any CPU
		{17652E09-E1E8-41E4-A4C9-3A424BBABABD}.Release|Any CPU.ActiveCfg = Release|Any CPU
		{17652E09-E1E8-41E4-A4C9-3A424BBABABD}.Release|Any CPU.Build.0 = Release|Any CPU
	EndGlobalSection
	GlobalSection(SolutionProperties) = preSolution
		HideSolutionNode = FALSE
	EndGlobalSection
	GlobalSection(ExtensibilityGlobals) = postSolution
		SolutionGuid = {61F7FB11-1E47-470C-91E2-47F8143E1572}
	EndGlobalSection
	GlobalSection(NestedProjects) = preSolution
		{002663E6-08D7-4948-9498-488D03897F7B} = {8151D83F-0CDA-4557-BF78-74BBBECA241A}
		{43140E0C-87B4-4865-9172-CCC81FCF360A} = {B5B12AB8-E507-410C-B9D4-48B52726710C}
		{17652E09-E1E8-41E4-A4C9-3A424BBABABD} = {B3CBE452-08B2-40CA-8D3D-00C1AF3D8F9D}
	EndGlobalSection
EndGlobal
